# THIS IS AN AUTOGENERATED FILE. DO NOT EDIT THIS FILE DIRECTLY.
# yarn lockfile v1


materialize-sass@^0.98.2:
  version "0.98.2"
  resolved "https://registry.yarnpkg.com/materialize-sass/-/materialize-sass-0.98.2.tgz#c5aa211720eadf7f1520aaae510267cc85a34fd8"

susy@^3.0.5:
  version "3.0.5"
  resolved "https://registry.yarnpkg.com/susy/-/susy-3.0.5.tgz#92167b47e60d0c03e93569fc8695c6fa2067ea7d"
