# THIS IS AN AUTOGENERATED FILE. DO NOT EDIT THIS FILE DIRECTLY.
# yarn lockfile v1


bootstrap@4.1.2:
  version "4.1.2"
  resolved "https://registry.yarnpkg.com/bootstrap/-/bootstrap-4.1.2.tgz#aee2a93472e61c471fc79fb475531dcbc87de326"

materialize-sass@^0.98.2:
  version "0.98.2"
  resolved "https://registry.yarnpkg.com/materialize-sass/-/materialize-sass-0.98.2.tgz#c5aa211720eadf7f1520aaae510267cc85a34fd8"
